Microsoft Visual Studio Solution File, Format Version 11.00
# Visual Studio 2008

Project("{8C578124-6FCB-0296-E1F1-1CD4E2EEE68D}") = "0114", "Assembly-CSharp.csproj", "{70D8FD7B-B396-AC5B-6C89-09F451B65914}"
EndProject
Project("{8C578124-6FCB-0296-E1F1-1CD4E2EEE68D}") = "0114", "Assembly-CSharp-Editor.csproj", "{AA3EABA2-65F5-D1B0-A7B1-29239CDBAD8A}"
EndProject
Global
	GlobalSection(SolutionConfigurationPlatforms) = preSolution
		Debug|Any CPU = Debug|Any CPU
		Release|Any CPU = Release|Any CPU
	EndGlobalSection
	GlobalSection(ProjectConfigurationPlatforms) = postSolution
		{70D8FD7B-B396-AC5B-6C89-09F451B65914}.Debug|Any CPU.ActiveCfg = Debug|Any CPU
		{70D8FD7B-B396-AC5B-6C89-09F451B65914}.Debug|Any CPU.Build.0 = Debug|Any CPU
		{70D8FD7B-B396-AC5B-6C89-09F451B65914}.Release|Any CPU.ActiveCfg = Release|Any CPU
		{70D8FD7B-B396-AC5B-6C89-09F451B65914}.Release|Any CPU.Build.0 = Release|Any CPU
		{AA3EABA2-65F5-D1B0-A7B1-29239CDBAD8A}.Debug|Any CPU.ActiveCfg = Debug|Any CPU
		{AA3EABA2-65F5-D1B0-A7B1-29239CDBAD8A}.Debug|Any CPU.Build.0 = Debug|Any CPU
		{AA3EABA2-65F5-D1B0-A7B1-29239CDBAD8A}.Release|Any CPU.ActiveCfg = Release|Any CPU
		{AA3EABA2-65F5-D1B0-A7B1-29239CDBAD8A}.Release|Any CPU.Build.0 = Release|Any CPU
	EndGlobalSection
	GlobalSection(SolutionProperties) = preSolution
		HideSolutionNode = FALSE
	EndGlobalSection
	GlobalSection(MonoDevelopProperties) = preSolution
		StartupItem = Assembly-CSharp.csproj
	EndGlobalSection
EndGlobal
