Microsoft Visual Studio Solution File, Format Version 11.00
# Visual Studio 2008

Project("{57F40C79-32D7-6D35-ABD4-C02523E9C6B3}") = "CaptainGuy", "Assembly-CSharp.csproj", "{75264291-6B15-693D-BC35-6659FE2FB8D9}"
EndProject
Project("{57F40C79-32D7-6D35-ABD4-C02523E9C6B3}") = "CaptainGuy", "Assembly-CSharp-Editor.csproj", "{BA74EAA8-3DEE-4A12-C125-BD08E18ACFDA}"
EndProject
Global
	GlobalSection(SolutionConfigurationPlatforms) = preSolution
		Debug|Any CPU = Debug|Any CPU
		Release|Any CPU = Release|Any CPU
	EndGlobalSection
	GlobalSection(ProjectConfigurationPlatforms) = postSolution
		{75264291-6B15-693D-BC35-6659FE2FB8D9}.Debug|Any CPU.ActiveCfg = Debug|Any CPU
		{75264291-6B15-693D-BC35-6659FE2FB8D9}.Debug|Any CPU.Build.0 = Debug|Any CPU
		{75264291-6B15-693D-BC35-6659FE2FB8D9}.Release|Any CPU.ActiveCfg = Release|Any CPU
		{75264291-6B15-693D-BC35-6659FE2FB8D9}.Release|Any CPU.Build.0 = Release|Any CPU
		{BA74EAA8-3DEE-4A12-C125-BD08E18ACFDA}.Debug|Any CPU.ActiveCfg = Debug|Any CPU
		{BA74EAA8-3DEE-4A12-C125-BD08E18ACFDA}.Debug|Any CPU.Build.0 = Debug|Any CPU
		{BA74EAA8-3DEE-4A12-C125-BD08E18ACFDA}.Release|Any CPU.ActiveCfg = Release|Any CPU
		{BA74EAA8-3DEE-4A12-C125-BD08E18ACFDA}.Release|Any CPU.Build.0 = Release|Any CPU
	EndGlobalSection
	GlobalSection(SolutionProperties) = preSolution
		HideSolutionNode = FALSE
	EndGlobalSection
	GlobalSection(MonoDevelopProperties) = preSolution
		StartupItem = Assembly-CSharp.csproj
	EndGlobalSection
EndGlobal
