
Microsoft Visual Studio Solution File, Format Version 12.00
# Visual Studio 2015
Project("{FAE04EC0-301F-11D3-BF4B-00C04F79EFBC}") = "UnityVS.キャプテンガイ.CSharp", "UnityVS.キャプテンガイ.CSharp.csproj", "{CEBFB051-B4DB-6873-F8EB-D1CFAC827945}"
EndProject
Project("{FAE04EC0-301F-11D3-BF4B-00C04F79EFBC}") = "UnityVS.キャプテンガイ.CSharp.Editor", "UnityVS.キャプテンガイ.CSharp.Editor.csproj", "{EF46F039-554F-0379-FB01-33ED150EDD23}"
EndProject
Global
	GlobalSection(SolutionConfigurationPlatforms) = preSolution
		Debug|Any CPU = Debug|Any CPU
		Release|Any CPU = Release|Any CPU
	EndGlobalSection
	GlobalSection(ProjectConfigurationPlatforms) = postSolution
		{CEBFB051-B4DB-6873-F8EB-D1CFAC827945}.Debug|Any CPU.ActiveCfg = Debug|Any CPU
		{CEBFB051-B4DB-6873-F8EB-D1CFAC827945}.Debug|Any CPU.Build.0 = Debug|Any CPU
		{CEBFB051-B4DB-6873-F8EB-D1CFAC827945}.Release|Any CPU.ActiveCfg = Release|Any CPU
		{CEBFB051-B4DB-6873-F8EB-D1CFAC827945}.Release|Any CPU.Build.0 = Release|Any CPU
		{EF46F039-554F-0379-FB01-33ED150EDD23}.Debug|Any CPU.ActiveCfg = Debug|Any CPU
		{EF46F039-554F-0379-FB01-33ED150EDD23}.Debug|Any CPU.Build.0 = Debug|Any CPU
		{EF46F039-554F-0379-FB01-33ED150EDD23}.Release|Any CPU.ActiveCfg = Release|Any CPU
		{EF46F039-554F-0379-FB01-33ED150EDD23}.Release|Any CPU.Build.0 = Release|Any CPU
	EndGlobalSection
	GlobalSection(SolutionProperties) = preSolution
		HideSolutionNode = FALSE
	EndGlobalSection
EndGlobal
