
Microsoft Visual Studio Solution File, Format Version 12.00
# Visual Studio 2015
Project("{FAE04EC0-301F-11D3-BF4B-00C04F79EFBC}") = "UnityVS.名称未設定フォルダ.CSharp.Plugins", "UnityVS.名称未設定フォルダ.CSharp.Plugins.csproj", "{AE644BF4-1410-6F55-2A89-4D3DF3C5FDE4}"
EndProject
Project("{FAE04EC0-301F-11D3-BF4B-00C04F79EFBC}") = "UnityVS.名称未設定フォルダ.CSharp", "UnityVS.名称未設定フォルダ.CSharp.csproj", "{55D5E283-272F-C72A-75C0-6DBE6C2679EB}"
EndProject
Project("{FAE04EC0-301F-11D3-BF4B-00C04F79EFBC}") = "UnityVS.名称未設定フォルダ.CSharp.Editor", "UnityVS.名称未設定フォルダ.CSharp.Editor.csproj", "{2B94E8C5-61E2-7F50-072D-3F090185AF85}"
EndProject
Global
	GlobalSection(SolutionConfigurationPlatforms) = preSolution
		Debug|Any CPU = Debug|Any CPU
		Release|Any CPU = Release|Any CPU
	EndGlobalSection
	GlobalSection(ProjectConfigurationPlatforms) = postSolution
		{AE644BF4-1410-6F55-2A89-4D3DF3C5FDE4}.Debug|Any CPU.ActiveCfg = Debug|Any CPU
		{AE644BF4-1410-6F55-2A89-4D3DF3C5FDE4}.Debug|Any CPU.Build.0 = Debug|Any CPU
		{AE644BF4-1410-6F55-2A89-4D3DF3C5FDE4}.Release|Any CPU.ActiveCfg = Release|Any CPU
		{AE644BF4-1410-6F55-2A89-4D3DF3C5FDE4}.Release|Any CPU.Build.0 = Release|Any CPU
		{55D5E283-272F-C72A-75C0-6DBE6C2679EB}.Debug|Any CPU.ActiveCfg = Debug|Any CPU
		{55D5E283-272F-C72A-75C0-6DBE6C2679EB}.Debug|Any CPU.Build.0 = Debug|Any CPU
		{55D5E283-272F-C72A-75C0-6DBE6C2679EB}.Release|Any CPU.ActiveCfg = Release|Any CPU
		{55D5E283-272F-C72A-75C0-6DBE6C2679EB}.Release|Any CPU.Build.0 = Release|Any CPU
		{2B94E8C5-61E2-7F50-072D-3F090185AF85}.Debug|Any CPU.ActiveCfg = Debug|Any CPU
		{2B94E8C5-61E2-7F50-072D-3F090185AF85}.Debug|Any CPU.Build.0 = Debug|Any CPU
		{2B94E8C5-61E2-7F50-072D-3F090185AF85}.Release|Any CPU.ActiveCfg = Release|Any CPU
		{2B94E8C5-61E2-7F50-072D-3F090185AF85}.Release|Any CPU.Build.0 = Release|Any CPU
	EndGlobalSection
	GlobalSection(SolutionProperties) = preSolution
		HideSolutionNode = FALSE
	EndGlobalSection
EndGlobal
