Microsoft Visual Studio Solution File, Format Version 11.00
# Visual Studio 2008

Project("{1A47C85D-077B-646E-7A77-D457BC89900A}") = "wangshunan1", "Assembly-CSharp.csproj", "{2FD5DA57-6192-1896-C78B-713CB9169A59}"
EndProject
Project("{1A47C85D-077B-646E-7A77-D457BC89900A}") = "wangshunan1", "Assembly-CSharp-Editor.csproj", "{4A46E6D5-6916-494C-5247-B6EC96D46688}"
EndProject
Global
	GlobalSection(SolutionConfigurationPlatforms) = preSolution
		Debug|Any CPU = Debug|Any CPU
		Release|Any CPU = Release|Any CPU
	EndGlobalSection
	GlobalSection(ProjectConfigurationPlatforms) = postSolution
		{2FD5DA57-6192-1896-C78B-713CB9169A59}.Debug|Any CPU.ActiveCfg = Debug|Any CPU
		{2FD5DA57-6192-1896-C78B-713CB9169A59}.Debug|Any CPU.Build.0 = Debug|Any CPU
		{2FD5DA57-6192-1896-C78B-713CB9169A59}.Release|Any CPU.ActiveCfg = Release|Any CPU
		{2FD5DA57-6192-1896-C78B-713CB9169A59}.Release|Any CPU.Build.0 = Release|Any CPU
		{4A46E6D5-6916-494C-5247-B6EC96D46688}.Debug|Any CPU.ActiveCfg = Debug|Any CPU
		{4A46E6D5-6916-494C-5247-B6EC96D46688}.Debug|Any CPU.Build.0 = Debug|Any CPU
		{4A46E6D5-6916-494C-5247-B6EC96D46688}.Release|Any CPU.ActiveCfg = Release|Any CPU
		{4A46E6D5-6916-494C-5247-B6EC96D46688}.Release|Any CPU.Build.0 = Release|Any CPU
	EndGlobalSection
	GlobalSection(SolutionProperties) = preSolution
		HideSolutionNode = FALSE
	EndGlobalSection
	GlobalSection(MonoDevelopProperties) = preSolution
		StartupItem = Assembly-CSharp.csproj
	EndGlobalSection
EndGlobal
