Microsoft Visual Studio Solution File, Format Version 11.00
# Visual Studio 2008

Project("{DAAD1994-D8A9-5E85-37BB-96C77A2D185B}") = "wangshunan", "Assembly-CSharp.csproj", "{1CF91E07-F164-FD5E-E014-35D5E3FB02BE}"
EndProject
Project("{DAAD1994-D8A9-5E85-37BB-96C77A2D185B}") = "wangshunan", "Assembly-CSharp-Editor.csproj", "{47197FC6-8337-2010-7761-10816DE8D7B2}"
EndProject
Global
	GlobalSection(SolutionConfigurationPlatforms) = preSolution
		Debug|Any CPU = Debug|Any CPU
		Release|Any CPU = Release|Any CPU
	EndGlobalSection
	GlobalSection(ProjectConfigurationPlatforms) = postSolution
		{1CF91E07-F164-FD5E-E014-35D5E3FB02BE}.Debug|Any CPU.ActiveCfg = Debug|Any CPU
		{1CF91E07-F164-FD5E-E014-35D5E3FB02BE}.Debug|Any CPU.Build.0 = Debug|Any CPU
		{1CF91E07-F164-FD5E-E014-35D5E3FB02BE}.Release|Any CPU.ActiveCfg = Release|Any CPU
		{1CF91E07-F164-FD5E-E014-35D5E3FB02BE}.Release|Any CPU.Build.0 = Release|Any CPU
		{47197FC6-8337-2010-7761-10816DE8D7B2}.Debug|Any CPU.ActiveCfg = Debug|Any CPU
		{47197FC6-8337-2010-7761-10816DE8D7B2}.Debug|Any CPU.Build.0 = Debug|Any CPU
		{47197FC6-8337-2010-7761-10816DE8D7B2}.Release|Any CPU.ActiveCfg = Release|Any CPU
		{47197FC6-8337-2010-7761-10816DE8D7B2}.Release|Any CPU.Build.0 = Release|Any CPU
	EndGlobalSection
	GlobalSection(SolutionProperties) = preSolution
		HideSolutionNode = FALSE
	EndGlobalSection
	GlobalSection(MonoDevelopProperties) = preSolution
		StartupItem = Assembly-CSharp.csproj
	EndGlobalSection
EndGlobal
